
Microsoft Visual Studio Solution File, Format Version 12.00
# Visual Studio Version 16
VisualStudioVersion = 16.0.32630.194
MinimumVisualStudioVersion = 10.0.40219.1
Project("{FAE04EC0-301F-11D3-BF4B-00C04F79EFBC}") = "Tests", "Tests\Tests.csproj", "{FB0982BD-727A-4823-8A47-4F1147B25C01}"
EndProject
Project("{FAE04EC0-301F-11D3-BF4B-00C04F79EFBC}") = "Solver", "Solver\Solver.csproj", "{B96E319B-35FE-4AEF-BA70-2554CF8BBF56}"
EndProject
Project("{FAE04EC0-301F-11D3-BF4B-00C04F79EFBC}") = "Solver.Tests", "Solver.Tests\Solver.Tests.csproj", "{305F4057-8B43-4BA6-9289-F055BC4D1D88}"
EndProject
Global
	GlobalSection(SolutionConfigurationPlatforms) = preSolution
		Debug|Any CPU = Debug|Any CPU
		Release|Any CPU = Release|Any CPU
	EndGlobalSection
	GlobalSection(ProjectConfigurationPlatforms) = postSolution
		{FB0982BD-727A-4823-8A47-4F1147B25C01}.Debug|Any CPU.ActiveCfg = Debug|Any CPU
		{FB0982BD-727A-4823-8A47-4F1147B25C01}.Debug|Any CPU.Build.0 = Debug|Any CPU
		{FB0982BD-727A-4823-8A47-4F1147B25C01}.Release|Any CPU.ActiveCfg = Release|Any CPU
		{FB0982BD-727A-4823-8A47-4F1147B25C01}.Release|Any CPU.Build.0 = Release|Any CPU
		{B96E319B-35FE-4AEF-BA70-2554CF8BBF56}.Debug|Any CPU.ActiveCfg = Debug|Any CPU
		{B96E319B-35FE-4AEF-BA70-2554CF8BBF56}.Debug|Any CPU.Build.0 = Debug|Any CPU
		{B96E319B-35FE-4AEF-BA70-2554CF8BBF56}.Release|Any CPU.ActiveCfg = Release|Any CPU
		{B96E319B-35FE-4AEF-BA70-2554CF8BBF56}.Release|Any CPU.Build.0 = Release|Any CPU
		{305F4057-8B43-4BA6-9289-F055BC4D1D88}.Debug|Any CPU.ActiveCfg = Debug|Any CPU
		{305F4057-8B43-4BA6-9289-F055BC4D1D88}.Debug|Any CPU.Build.0 = Debug|Any CPU
		{305F4057-8B43-4BA6-9289-F055BC4D1D88}.Release|Any CPU.ActiveCfg = Release|Any CPU
		{305F4057-8B43-4BA6-9289-F055BC4D1D88}.Release|Any CPU.Build.0 = Release|Any CPU
	EndGlobalSection
	GlobalSection(SolutionProperties) = preSolution
		HideSolutionNode = FALSE
	EndGlobalSection
	GlobalSection(ExtensibilityGlobals) = postSolution
		SolutionGuid = {325D27C3-2A98-4EA4-B4AB-7B55F9D59485}
	EndGlobalSection
EndGlobal
